
Microsoft Visual Studio Solution File, Format Version 12.00
# Visual Studio 14
VisualStudioVersion = 14.0.24720.0
MinimumVisualStudioVersion = 10.0.40219.1
Project("{FAE04EC0-301F-11D3-BF4B-00C04F79EFBC}") = "001 - PrimePalindrome", "1 - PrimePalindrome\001 - PrimePalindrome.csproj", "{279FB1EA-31B4-41AF-B4F8-B76DEBDB4F3E}"
EndProject
Project("{FAE04EC0-301F-11D3-BF4B-00C04F79EFBC}") = "002 - SumOfPrimes", "2 - SumOfPrimes\002 - SumOfPrimes.csproj", "{82DBFCC2-4612-4301-A0EF-276746A9AC83}"
EndProject
Project("{FAE04EC0-301F-11D3-BF4B-00C04F79EFBC}") = "006 - OddNumbers", "11 - OddNumbers\006 - OddNumbers.csproj", "{8DE5DCE4-76C6-477C-9288-9753F73955AE}"
EndProject
Project("{FAE04EC0-301F-11D3-BF4B-00C04F79EFBC}") = "004 - ReverseWord", "4 - Reverse Word\004 - ReverseWord.csproj", "{4EB91C74-AA82-474A-AC16-E0580A3B0ECF}"
EndProject
Project("{FAE04EC0-301F-11D3-BF4B-00C04F79EFBC}") = "005 - MultipliesOfNumber", "5 - MultipliesNumber\005 - MultipliesOfNumber.csproj", "{3D31A97F-51F7-47F1-8D86-EE1E77F5D984}"
EndProject
Project("{FAE04EC0-301F-11D3-BF4B-00C04F79EFBC}") = "003 - FileSize", "FileSize\003 - FileSize.csproj", "{94686658-B25D-4433-9423-2C54ED9B6A18}"
EndProject
Project("{FAE04EC0-301F-11D3-BF4B-00C04F79EFBC}") = "007 - LowerCase", "LowerCase\007 - LowerCase.csproj", "{607AF00D-BCA0-484F-91D6-D61F1EA87FB5}"
EndProject
Project("{FAE04EC0-301F-11D3-BF4B-00C04F79EFBC}") = "008 - SumOfDigit", "8 - SumOfDigit\008 - SumOfDigit.csproj", "{43B80C4D-F1A9-4696-B5F4-273CE9463DA0}"
EndProject
Project("{FAE04EC0-301F-11D3-BF4B-00C04F79EFBC}") = "009 - BitPosition", "9 - BitPosition\009 - BitPosition.csproj", "{12A448D9-D9A2-4596-B04C-F9E97A2F9978}"
EndProject
Project("{FAE04EC0-301F-11D3-BF4B-00C04F79EFBC}") = "010 - SumsOfIntegers", "10 - SumsOfIntegers\010 - SumsOfIntegers.csproj", "{3706497E-A3D7-4FAE-B13D-52E249835A1C}"
EndProject
Project("{FAE04EC0-301F-11D3-BF4B-00C04F79EFBC}") = "011 - SimpleSorting", "011 - SimpleSorting\011 - SimpleSorting.csproj", "{2C85B1BE-5D38-47B4-B072-53F79D3573AE}"
EndProject
Project("{FAE04EC0-301F-11D3-BF4B-00C04F79EFBC}") = "012 - FacebookStrings", "012 - FacebookStrings\012 - FacebookStrings.csproj", "{68DF1EB5-972F-4C73-9E7A-11862F9A20D9}"
EndProject
Project("{FAE04EC0-301F-11D3-BF4B-00C04F79EFBC}") = "013 - RomanNumbers", "13 - RomanNumbers\013 - RomanNumbers.csproj", "{9A253941-C771-474F-A820-6EFF7741614A}"
EndProject
Project("{FAE04EC0-301F-11D3-BF4B-00C04F79EFBC}") = "014 - WordToDigit", "014 - WordToDigit\014 - WordToDigit.csproj", "{92DECBC9-EEBB-4CB2-98F5-EDA611FE2AD7}"
EndProject
Project("{FAE04EC0-301F-11D3-BF4B-00C04F79EFBC}") = "015 - ModOperation", "015 - ModOperation\015 - ModOperation.csproj", "{A909D0FB-EB67-449F-A901-DB6551D1BA1B}"
EndProject
Project("{FAE04EC0-301F-11D3-BF4B-00C04F79EFBC}") = "016 - StringsAndArrows", "016 - StringsAndArrows\016 - StringsAndArrows.csproj", "{C1994703-D95F-41BD-BEAF-1716C0C5E66F}"
EndProject
Global
	GlobalSection(SolutionConfigurationPlatforms) = preSolution
		Debug|Any CPU = Debug|Any CPU
		Release|Any CPU = Release|Any CPU
	EndGlobalSection
	GlobalSection(ProjectConfigurationPlatforms) = postSolution
		{279FB1EA-31B4-41AF-B4F8-B76DEBDB4F3E}.Debug|Any CPU.ActiveCfg = Debug|Any CPU
		{279FB1EA-31B4-41AF-B4F8-B76DEBDB4F3E}.Debug|Any CPU.Build.0 = Debug|Any CPU
		{279FB1EA-31B4-41AF-B4F8-B76DEBDB4F3E}.Release|Any CPU.ActiveCfg = Release|Any CPU
		{279FB1EA-31B4-41AF-B4F8-B76DEBDB4F3E}.Release|Any CPU.Build.0 = Release|Any CPU
		{82DBFCC2-4612-4301-A0EF-276746A9AC83}.Debug|Any CPU.ActiveCfg = Debug|Any CPU
		{82DBFCC2-4612-4301-A0EF-276746A9AC83}.Debug|Any CPU.Build.0 = Debug|Any CPU
		{82DBFCC2-4612-4301-A0EF-276746A9AC83}.Release|Any CPU.ActiveCfg = Release|Any CPU
		{82DBFCC2-4612-4301-A0EF-276746A9AC83}.Release|Any CPU.Build.0 = Release|Any CPU
		{8DE5DCE4-76C6-477C-9288-9753F73955AE}.Debug|Any CPU.ActiveCfg = Debug|Any CPU
		{8DE5DCE4-76C6-477C-9288-9753F73955AE}.Debug|Any CPU.Build.0 = Debug|Any CPU
		{8DE5DCE4-76C6-477C-9288-9753F73955AE}.Release|Any CPU.ActiveCfg = Release|Any CPU
		{8DE5DCE4-76C6-477C-9288-9753F73955AE}.Release|Any CPU.Build.0 = Release|Any CPU
		{4EB91C74-AA82-474A-AC16-E0580A3B0ECF}.Debug|Any CPU.ActiveCfg = Debug|Any CPU
		{4EB91C74-AA82-474A-AC16-E0580A3B0ECF}.Debug|Any CPU.Build.0 = Debug|Any CPU
		{4EB91C74-AA82-474A-AC16-E0580A3B0ECF}.Release|Any CPU.ActiveCfg = Release|Any CPU
		{4EB91C74-AA82-474A-AC16-E0580A3B0ECF}.Release|Any CPU.Build.0 = Release|Any CPU
		{3D31A97F-51F7-47F1-8D86-EE1E77F5D984}.Debug|Any CPU.ActiveCfg = Debug|Any CPU
		{3D31A97F-51F7-47F1-8D86-EE1E77F5D984}.Debug|Any CPU.Build.0 = Debug|Any CPU
		{3D31A97F-51F7-47F1-8D86-EE1E77F5D984}.Release|Any CPU.ActiveCfg = Release|Any CPU
		{3D31A97F-51F7-47F1-8D86-EE1E77F5D984}.Release|Any CPU.Build.0 = Release|Any CPU
		{94686658-B25D-4433-9423-2C54ED9B6A18}.Debug|Any CPU.ActiveCfg = Debug|Any CPU
		{94686658-B25D-4433-9423-2C54ED9B6A18}.Debug|Any CPU.Build.0 = Debug|Any CPU
		{94686658-B25D-4433-9423-2C54ED9B6A18}.Release|Any CPU.ActiveCfg = Release|Any CPU
		{94686658-B25D-4433-9423-2C54ED9B6A18}.Release|Any CPU.Build.0 = Release|Any CPU
		{607AF00D-BCA0-484F-91D6-D61F1EA87FB5}.Debug|Any CPU.ActiveCfg = Debug|Any CPU
		{607AF00D-BCA0-484F-91D6-D61F1EA87FB5}.Debug|Any CPU.Build.0 = Debug|Any CPU
		{607AF00D-BCA0-484F-91D6-D61F1EA87FB5}.Release|Any CPU.ActiveCfg = Release|Any CPU
		{607AF00D-BCA0-484F-91D6-D61F1EA87FB5}.Release|Any CPU.Build.0 = Release|Any CPU
		{43B80C4D-F1A9-4696-B5F4-273CE9463DA0}.Debug|Any CPU.ActiveCfg = Debug|Any CPU
		{43B80C4D-F1A9-4696-B5F4-273CE9463DA0}.Debug|Any CPU.Build.0 = Debug|Any CPU
		{43B80C4D-F1A9-4696-B5F4-273CE9463DA0}.Release|Any CPU.ActiveCfg = Release|Any CPU
		{43B80C4D-F1A9-4696-B5F4-273CE9463DA0}.Release|Any CPU.Build.0 = Release|Any CPU
		{12A448D9-D9A2-4596-B04C-F9E97A2F9978}.Debug|Any CPU.ActiveCfg = Debug|Any CPU
		{12A448D9-D9A2-4596-B04C-F9E97A2F9978}.Debug|Any CPU.Build.0 = Debug|Any CPU
		{12A448D9-D9A2-4596-B04C-F9E97A2F9978}.Release|Any CPU.ActiveCfg = Release|Any CPU
		{12A448D9-D9A2-4596-B04C-F9E97A2F9978}.Release|Any CPU.Build.0 = Release|Any CPU
		{3706497E-A3D7-4FAE-B13D-52E249835A1C}.Debug|Any CPU.ActiveCfg = Debug|Any CPU
		{3706497E-A3D7-4FAE-B13D-52E249835A1C}.Debug|Any CPU.Build.0 = Debug|Any CPU
		{3706497E-A3D7-4FAE-B13D-52E249835A1C}.Release|Any CPU.ActiveCfg = Release|Any CPU
		{3706497E-A3D7-4FAE-B13D-52E249835A1C}.Release|Any CPU.Build.0 = Release|Any CPU
		{2C85B1BE-5D38-47B4-B072-53F79D3573AE}.Debug|Any CPU.ActiveCfg = Debug|Any CPU
		{2C85B1BE-5D38-47B4-B072-53F79D3573AE}.Debug|Any CPU.Build.0 = Debug|Any CPU
		{2C85B1BE-5D38-47B4-B072-53F79D3573AE}.Release|Any CPU.ActiveCfg = Release|Any CPU
		{2C85B1BE-5D38-47B4-B072-53F79D3573AE}.Release|Any CPU.Build.0 = Release|Any CPU
		{68DF1EB5-972F-4C73-9E7A-11862F9A20D9}.Debug|Any CPU.ActiveCfg = Debug|Any CPU
		{68DF1EB5-972F-4C73-9E7A-11862F9A20D9}.Debug|Any CPU.Build.0 = Debug|Any CPU
		{68DF1EB5-972F-4C73-9E7A-11862F9A20D9}.Release|Any CPU.ActiveCfg = Release|Any CPU
		{68DF1EB5-972F-4C73-9E7A-11862F9A20D9}.Release|Any CPU.Build.0 = Release|Any CPU
		{9A253941-C771-474F-A820-6EFF7741614A}.Debug|Any CPU.ActiveCfg = Debug|Any CPU
		{9A253941-C771-474F-A820-6EFF7741614A}.Debug|Any CPU.Build.0 = Debug|Any CPU
		{9A253941-C771-474F-A820-6EFF7741614A}.Release|Any CPU.ActiveCfg = Release|Any CPU
		{9A253941-C771-474F-A820-6EFF7741614A}.Release|Any CPU.Build.0 = Release|Any CPU
		{92DECBC9-EEBB-4CB2-98F5-EDA611FE2AD7}.Debug|Any CPU.ActiveCfg = Debug|Any CPU
		{92DECBC9-EEBB-4CB2-98F5-EDA611FE2AD7}.Debug|Any CPU.Build.0 = Debug|Any CPU
		{92DECBC9-EEBB-4CB2-98F5-EDA611FE2AD7}.Release|Any CPU.ActiveCfg = Release|Any CPU
		{92DECBC9-EEBB-4CB2-98F5-EDA611FE2AD7}.Release|Any CPU.Build.0 = Release|Any CPU
		{A909D0FB-EB67-449F-A901-DB6551D1BA1B}.Debug|Any CPU.ActiveCfg = Debug|Any CPU
		{A909D0FB-EB67-449F-A901-DB6551D1BA1B}.Debug|Any CPU.Build.0 = Debug|Any CPU
		{A909D0FB-EB67-449F-A901-DB6551D1BA1B}.Release|Any CPU.ActiveCfg = Release|Any CPU
		{A909D0FB-EB67-449F-A901-DB6551D1BA1B}.Release|Any CPU.Build.0 = Release|Any CPU
		{C1994703-D95F-41BD-BEAF-1716C0C5E66F}.Debug|Any CPU.ActiveCfg = Debug|Any CPU
		{C1994703-D95F-41BD-BEAF-1716C0C5E66F}.Debug|Any CPU.Build.0 = Debug|Any CPU
		{C1994703-D95F-41BD-BEAF-1716C0C5E66F}.Release|Any CPU.ActiveCfg = Release|Any CPU
		{C1994703-D95F-41BD-BEAF-1716C0C5E66F}.Release|Any CPU.Build.0 = Release|Any CPU
	EndGlobalSection
	GlobalSection(SolutionProperties) = preSolution
		HideSolutionNode = FALSE
	EndGlobalSection
EndGlobal
